
Microsoft Visual Studio Solution File, Format Version 12.00
# Visual Studio Version 17
VisualStudioVersion = 17.14.37012.4 d17.14
MinimumVisualStudioVersion = 10.0.40219.1
Project("{FAE04EC0-301F-11D3-BF4B-00C04F79EFBC}") = "AppPenilaianSiswa", "AppPenilaianSiswa.csproj", "{A3CB436E-326D-4303-889B-00DC219E3CB0}"
EndProject
Global
	GlobalSection(SolutionConfigurationPlatforms) = preSolution
		Debug|Any CPU = Debug|Any CPU
		Release|Any CPU = Release|Any CPU
	EndGlobalSection
	GlobalSection(ProjectConfigurationPlatforms) = postSolution
		{A3CB436E-326D-4303-889B-00DC219E3CB0}.Debug|Any CPU.ActiveCfg = Debug|Any CPU
		{A3CB436E-326D-4303-889B-00DC219E3CB0}.Debug|Any CPU.Build.0 = Debug|Any CPU
		{A3CB436E-326D-4303-889B-00DC219E3CB0}.Release|Any CPU.ActiveCfg = Release|Any CPU
		{A3CB436E-326D-4303-889B-00DC219E3CB0}.Release|Any CPU.Build.0 = Release|Any CPU
	EndGlobalSection
	GlobalSection(SolutionProperties) = preSolution
		HideSolutionNode = FALSE
	EndGlobalSection
	GlobalSection(ExtensibilityGlobals) = postSolution
		SolutionGuid = {F03D691A-3604-4566-ABBC-BFED64FEB7D3}
	EndGlobalSection
EndGlobal
